
Microsoft Visual Studio Solution File, Format Version 12.00
# Visual Studio Version 16
VisualStudioVersion = 16.0.30523.141
MinimumVisualStudioVersion = 10.0.40219.1
Project("{FAE04EC0-301F-11D3-BF4B-00C04F79EFBC}") = "ImmediateVsRetainedMode", "ImmediateVsRetainedMode\ImmediateVsRetainedMode.csproj", "{F48DF28B-E288-4D6D-BB73-E436BA6726DB}"
EndProject
Global
	GlobalSection(SolutionConfigurationPlatforms) = preSolution
		Debug|Any CPU = Debug|Any CPU
		Release|Any CPU = Release|Any CPU
	EndGlobalSection
	GlobalSection(ProjectConfigurationPlatforms) = postSolution
		{F48DF28B-E288-4D6D-BB73-E436BA6726DB}.Debug|Any CPU.ActiveCfg = Debug|Any CPU
		{F48DF28B-E288-4D6D-BB73-E436BA6726DB}.Debug|Any CPU.Build.0 = Debug|Any CPU
		{F48DF28B-E288-4D6D-BB73-E436BA6726DB}.Release|Any CPU.ActiveCfg = Release|Any CPU
		{F48DF28B-E288-4D6D-BB73-E436BA6726DB}.Release|Any CPU.Build.0 = Release|Any CPU
	EndGlobalSection
	GlobalSection(SolutionProperties) = preSolution
		HideSolutionNode = FALSE
	EndGlobalSection
	GlobalSection(ExtensibilityGlobals) = postSolution
		SolutionGuid = {83829D74-513D-4DE1-99ED-43E95109088D}
	EndGlobalSection
EndGlobal
